
Microsoft Visual Studio Solution File, Format Version 12.00
# Visual Studio Version 16
VisualStudioVersion = 16.0.30225.117
MinimumVisualStudioVersion = 10.0.40219.1
Project("{FAE04EC0-301F-11D3-BF4B-00C04F79EFBC}") = "BillBarista", "BillBarista\BillBarista.csproj", "{A87A0333-D4DA-49EF-A4B3-09D476F41524}"
EndProject
Global
	GlobalSection(SolutionConfigurationPlatforms) = preSolution
		Debug|Any CPU = Debug|Any CPU
		Release|Any CPU = Release|Any CPU
	EndGlobalSection
	GlobalSection(ProjectConfigurationPlatforms) = postSolution
		{A87A0333-D4DA-49EF-A4B3-09D476F41524}.Debug|Any CPU.ActiveCfg = Debug|Any CPU
		{A87A0333-D4DA-49EF-A4B3-09D476F41524}.Debug|Any CPU.Build.0 = Debug|Any CPU
		{A87A0333-D4DA-49EF-A4B3-09D476F41524}.Release|Any CPU.ActiveCfg = Release|Any CPU
		{A87A0333-D4DA-49EF-A4B3-09D476F41524}.Release|Any CPU.Build.0 = Release|Any CPU
	EndGlobalSection
	GlobalSection(SolutionProperties) = preSolution
		HideSolutionNode = FALSE
	EndGlobalSection
	GlobalSection(ExtensibilityGlobals) = postSolution
		SolutionGuid = {B71645C2-444B-4506-A1C9-0A9D0A1067B8}
	EndGlobalSection
EndGlobal
